
Microsoft Visual Studio Solution File, Format Version 12.00
# Visual Studio Version 17
VisualStudioVersion = 17.5.002.0
MinimumVisualStudioVersion = 10.0.40219.1
Project("{9A19103F-16F7-4668-BE54-9A1E7A4F7556}") = "DurableFunctions", "DurableFunctions.csproj", "{C2D4F208-94C4-4841-9523-49AA261E0D83}"
EndProject
Project("{FAE04EC0-301F-11D3-BF4B-00C04F79EFBC}") = "Shared", "..\Shared\Shared.csproj", "{EB03F8D4-C4C8-42F4-81EA-671B8BEE4A53}"
EndProject
Global
	GlobalSection(SolutionConfigurationPlatforms) = preSolution
		Debug|Any CPU = Debug|Any CPU
		Release|Any CPU = Release|Any CPU
	EndGlobalSection
	GlobalSection(ProjectConfigurationPlatforms) = postSolution
		{C2D4F208-94C4-4841-9523-49AA261E0D83}.Debug|Any CPU.ActiveCfg = Debug|Any CPU
		{C2D4F208-94C4-4841-9523-49AA261E0D83}.Debug|Any CPU.Build.0 = Debug|Any CPU
		{C2D4F208-94C4-4841-9523-49AA261E0D83}.Release|Any CPU.ActiveCfg = Release|Any CPU
		{C2D4F208-94C4-4841-9523-49AA261E0D83}.Release|Any CPU.Build.0 = Release|Any CPU
		{EB03F8D4-C4C8-42F4-81EA-671B8BEE4A53}.Debug|Any CPU.ActiveCfg = Debug|Any CPU
		{EB03F8D4-C4C8-42F4-81EA-671B8BEE4A53}.Debug|Any CPU.Build.0 = Debug|Any CPU
		{EB03F8D4-C4C8-42F4-81EA-671B8BEE4A53}.Release|Any CPU.ActiveCfg = Release|Any CPU
		{EB03F8D4-C4C8-42F4-81EA-671B8BEE4A53}.Release|Any CPU.Build.0 = Release|Any CPU
	EndGlobalSection
	GlobalSection(SolutionProperties) = preSolution
		HideSolutionNode = FALSE
	EndGlobalSection
	GlobalSection(ExtensibilityGlobals) = postSolution
		SolutionGuid = {8EA419C0-B4A6-4D8F-BF0E-492004A11E83}
	EndGlobalSection
EndGlobal
